github.com/go-ruby-getoptlong/getoptlong v0.0.0-20260629150025-1a1bfd19bc49 h1:v2Cy3bZTTi+u9XKBRP8FmYHwsWwZ+t8hlh3s4i1gGfQ=
github.com/go-ruby-getoptlong/getoptlong v0.0.0-20260629150025-1a1bfd19bc49/go.mod h1:nGvVSBSIsYrhM2qs4yQ2k8uDbXCFPWQXXqkowleHMDs=
github.com/go-ruby-getoptlong/getoptlong v0.0.0-20260717065132-86577a8b648f h1:8XSjphvk/cjo1PykwmOP1nlPdElZWmF4kD9vE9krkic=
github.com/go-ruby-getoptlong/getoptlong v0.0.0-20260717065132-86577a8b648f/go.mod h1:nGvVSBSIsYrhM2qs4yQ2k8uDbXCFPWQXXqkowleHMDs=
